{
  "nodes": {
    "nixpkgs": {
      "locked": {
        "lastModified": 1655390681,
        "narHash": "sha256-SXGZ7jJWsySMlNEpbxi8nq3QYDbtcAl+QHwsXlWq2g0=",
        "owner": "NixOS",
        "repo": "nixpkgs",
        "rev": "29769d2a1390d294469bcc6518f17931953545e1",
        "type": "github"
      },
      "original": {
        "id": "nixpkgs",
        "type": "indirect"
      }
    },
    "pacote-src": {
      "flake": false,
      "locked": {
        "lastModified": 1651673723,
        "narHash": "sha256-97nFOX7qGmxtbvht+yrq6K7qcL7ooLLGF5ga5zJAwpw=",
        "owner": "npm",
        "repo": "pacote",
        "rev": "8f94b28f3c21bc6a59c4537a4ee9fdb93385dc78",
        "type": "github"
      },
      "original": {
        "owner": "npm",
        "ref": "v13.3.0",
        "repo": "pacote",
        "type": "github"
      }
    },
    "root": {
      "inputs": {
        "nixpkgs": "nixpkgs",
        "pacote-src": "pacote-src",
        "utils": "utils"
      }
    },
    "utils": {
      "locked": {
        "lastModified": 1659877975,
        "narHash": "sha256-zllb8aq3YO3h8B/U0/J1WBgAL8EX5yWf5pMj3G0NAmc=",
        "owner": "numtide",
        "repo": "flake-utils",
        "rev": "c0e246b9b83f637f4681389ecabcb2681b4f3af0",
        "type": "github"
      },
      "original": {
        "owner": "numtide",
        "repo": "flake-utils",
        "type": "github"
      }
    }
  },
  "root": "root",
  "version": 7
}
